{
  "lockfileVersion": 1,
  "workspaces": {
    "": {
      "name": "xfeature",
      "devDependencies": {
        "@biomejs/biome": "^1.9.4",
        "@types/bun": "latest",
        "lefthook": "^1.11.13",
      },
      "peerDependencies": {
        "typescript": "^5",
      },
    },
    "packages/core": {
      "name": "@xfeature/core",
      "version": "1.0.1",
    },
    "packages/nestjs": {
      "name": "@xfeature/nestjs",
      "version": "1.0.0",
      "peerDependencies": {
        "@nestjs/common": "*",
        "@xfeature/core": "workspace:*",
      },
    },
  },
  "packages": {
    "@biomejs/biome": ["@biomejs/biome@1.9.4", "", { "optionalDependencies": { "@biomejs/cli-darwin-arm64": "1.9.4", "@biomejs/cli-darwin-x64": "1.9.4", "@biomejs/cli-linux-arm64": "1.9.4", "@biomejs/cli-linux-arm64-musl": "1.9.4", "@biomejs/cli-linux-x64": "1.9.4", "@biomejs/cli-linux-x64-musl": "1.9.4", "@biomejs/cli-win32-arm64": "1.9.4", "@biomejs/cli-win32-x64": "1.9.4" }, "bin": { "biome": "bin/biome" } }, "sha512-1rkd7G70+o9KkTn5KLmDYXihGoTaIGO9PIIN2ZB7UJxFrWw04CZHPYiMRjYsaDvVV7hP1dYNRLxSANLaBFGpog=="],

    "@biomejs/cli-darwin-arm64": ["@biomejs/cli-darwin-arm64@1.9.4", "", { "os": "darwin", "cpu": "arm64" }, "sha512-bFBsPWrNvkdKrNCYeAp+xo2HecOGPAy9WyNyB/jKnnedgzl4W4Hb9ZMzYNbf8dMCGmUdSavlYHiR01QaYR58cw=="],

    "@biomejs/cli-darwin-x64": ["@biomejs/cli-darwin-x64@1.9.4", "", { "os": "darwin", "cpu": "x64" }, "sha512-ngYBh/+bEedqkSevPVhLP4QfVPCpb+4BBe2p7Xs32dBgs7rh9nY2AIYUL6BgLw1JVXV8GlpKmb/hNiuIxfPfZg=="],

    "@biomejs/cli-linux-arm64": ["@biomejs/cli-linux-arm64@1.9.4", "", { "os": "linux", "cpu": "arm64" }, "sha512-fJIW0+LYujdjUgJJuwesP4EjIBl/N/TcOX3IvIHJQNsAqvV2CHIogsmA94BPG6jZATS4Hi+xv4SkBBQSt1N4/g=="],

    "@biomejs/cli-linux-arm64-musl": ["@biomejs/cli-linux-arm64-musl@1.9.4", "", { "os": "linux", "cpu": "arm64" }, "sha512-v665Ct9WCRjGa8+kTr0CzApU0+XXtRgwmzIf1SeKSGAv+2scAlW6JR5PMFo6FzqqZ64Po79cKODKf3/AAmECqA=="],

    "@biomejs/cli-linux-x64": ["@biomejs/cli-linux-x64@1.9.4", "", { "os": "linux", "cpu": "x64" }, "sha512-lRCJv/Vi3Vlwmbd6K+oQ0KhLHMAysN8lXoCI7XeHlxaajk06u7G+UsFSO01NAs5iYuWKmVZjmiOzJ0OJmGsMwg=="],

    "@biomejs/cli-linux-x64-musl": ["@biomejs/cli-linux-x64-musl@1.9.4", "", { "os": "linux", "cpu": "x64" }, "sha512-gEhi/jSBhZ2m6wjV530Yy8+fNqG8PAinM3oV7CyO+6c3CEh16Eizm21uHVsyVBEB6RIM8JHIl6AGYCv6Q6Q9Tg=="],

    "@biomejs/cli-win32-arm64": ["@biomejs/cli-win32-arm64@1.9.4", "", { "os": "win32", "cpu": "arm64" }, "sha512-tlbhLk+WXZmgwoIKwHIHEBZUwxml7bRJgk0X2sPyNR3S93cdRq6XulAZRQJ17FYGGzWne0fgrXBKpl7l4M87Hg=="],

    "@biomejs/cli-win32-x64": ["@biomejs/cli-win32-x64@1.9.4", "", { "os": "win32", "cpu": "x64" }, "sha512-8Y5wMhVIPaWe6jw2H+KlEm4wP/f7EW3810ZLmDlrEEy5KvBsb9ECEfu/kMWD484ijfQ8+nIi0giMgu9g1UAuuA=="],

    "@lukeed/csprng": ["@lukeed/csprng@1.1.0", "", {}, "sha512-Z7C/xXCiGWsg0KuKsHTKJxbWhpI3Vs5GwLfOean7MGyVFGqdRgBbAjOCh6u4bbjPc/8MJ2pZmK/0DLdCbivLDA=="],

    "@nestjs/common": ["@nestjs/common@11.1.3", "", { "dependencies": { "file-type": "21.0.0", "iterare": "1.2.1", "load-esm": "1.0.2", "tslib": "2.8.1", "uid": "2.0.2" }, "peerDependencies": { "class-transformer": ">=0.4.1", "class-validator": ">=0.13.2", "reflect-metadata": "^0.1.12 || ^0.2.0", "rxjs": "^7.1.0" }, "optionalPeers": ["class-transformer", "class-validator"] }, "sha512-ogEK+GriWodIwCw6buQ1rpcH4Kx+G7YQ9EwuPySI3rS05pSdtQ++UhucjusSI9apNidv+QURBztJkRecwwJQXg=="],

    "@tokenizer/inflate": ["@tokenizer/inflate@0.2.7", "", { "dependencies": { "debug": "^4.4.0", "fflate": "^0.8.2", "token-types": "^6.0.0" } }, "sha512-MADQgmZT1eKjp06jpI2yozxaU9uVs4GzzgSL+uEq7bVcJ9V1ZXQkeGNql1fsSI0gMy1vhvNTNbUqrx+pZfJVmg=="],

    "@tokenizer/token": ["@tokenizer/token@0.3.0", "", {}, "sha512-OvjF+z51L3ov0OyAU0duzsYuvO01PH7x4t6DJx+guahgTnBHkhJdG7soQeTSFLWN3efnHyibZ4Z8l2EuWwJN3A=="],

    "@types/bun": ["@types/bun@1.2.15", "", { "dependencies": { "bun-types": "1.2.15" } }, "sha512-U1ljPdBEphF0nw1MIk0hI7kPg7dFdPyM7EenHsp6W5loNHl7zqy6JQf/RKCgnUn2KDzUpkBwHPnEJEjII594bA=="],

    "@types/node": ["@types/node@22.15.30", "", { "dependencies": { "undici-types": "~6.21.0" } }, "sha512-6Q7lr06bEHdlfplU6YRbgG1SFBdlsfNC4/lX+SkhiTs0cpJkOElmWls8PxDFv4yY/xKb8Y6SO0OmSX4wgqTZbA=="],

    "@xfeature/core": ["@xfeature/core@workspace:packages/core"],

    "@xfeature/nestjs": ["@xfeature/nestjs@workspace:packages/nestjs"],

    "bun-types": ["bun-types@1.2.15", "", { "dependencies": { "@types/node": "*" } }, "sha512-NarRIaS+iOaQU1JPfyKhZm4AsUOrwUOqRNHY0XxI8GI8jYxiLXLcdjYMG9UKS+fwWasc1uw1htV9AX24dD+p4w=="],

    "debug": ["debug@4.4.1", "", { "dependencies": { "ms": "^2.1.3" } }, "sha512-KcKCqiftBJcZr++7ykoDIEwSa3XWowTfNPo92BYxjXiyYEVrUQh2aLyhxBCwww+heortUFxEJYcRzosstTEBYQ=="],

    "fflate": ["fflate@0.8.2", "", {}, "sha512-cPJU47OaAoCbg0pBvzsgpTPhmhqI5eJjh/JIu8tPj5q+T7iLvW/JAYUqmE7KOB4R1ZyEhzBaIQpQpardBF5z8A=="],

    "file-type": ["file-type@21.0.0", "", { "dependencies": { "@tokenizer/inflate": "^0.2.7", "strtok3": "^10.2.2", "token-types": "^6.0.0", "uint8array-extras": "^1.4.0" } }, "sha512-ek5xNX2YBYlXhiUXui3D/BXa3LdqPmoLJ7rqEx2bKJ7EAUEfmXgW0Das7Dc6Nr9MvqaOnIqiPV0mZk/r/UpNAg=="],

    "ieee754": ["ieee754@1.2.1", "", {}, "sha512-dcyqhDvX1C46lXZcVqCpK+FtMRQVdIMN6/Df5js2zouUsqG7I6sFxitIC+7KYK29KdXOLHdu9zL4sFnoVQnqaA=="],

    "iterare": ["iterare@1.2.1", "", {}, "sha512-RKYVTCjAnRthyJes037NX/IiqeidgN1xc3j1RjFfECFp28A1GVwK9nA+i0rJPaHqSZwygLzRnFlzUuHFoWWy+Q=="],

    "lefthook": ["lefthook@1.11.13", "", { "optionalDependencies": { "lefthook-darwin-arm64": "1.11.13", "lefthook-darwin-x64": "1.11.13", "lefthook-freebsd-arm64": "1.11.13", "lefthook-freebsd-x64": "1.11.13", "lefthook-linux-arm64": "1.11.13", "lefthook-linux-x64": "1.11.13", "lefthook-openbsd-arm64": "1.11.13", "lefthook-openbsd-x64": "1.11.13", "lefthook-windows-arm64": "1.11.13", "lefthook-windows-x64": "1.11.13" }, "bin": { "lefthook": "bin/index.js" } }, "sha512-SDTk3D4nW1XRpR9u9fdYQ/qj1xeZVIwZmIFdJUnyq+w9ZLdCCvIrOmtD8SFiJowSevISjQDC+f9nqyFXUxc0SQ=="],

    "lefthook-darwin-arm64": ["lefthook-darwin-arm64@1.11.13", "", { "os": "darwin", "cpu": "arm64" }, "sha512-gHwHofXupCtzNLN+8esdWfFTnAEkmBxE/WKA0EwxPPJXdZYa1GUsiG5ipq/CdG/0j8ekYyM9Hzyrrk5BqJ42xw=="],

    "lefthook-darwin-x64": ["lefthook-darwin-x64@1.11.13", "", { "os": "darwin", "cpu": "x64" }, "sha512-zYxkWNUirmTidhskY9J9AwxvdMi3YKH+TqZ3AQ1EOqkOwPBWJQW5PbnzsXDrd3YnrtZScYm/tE/moXJpEPPIpQ=="],

    "lefthook-freebsd-arm64": ["lefthook-freebsd-arm64@1.11.13", "", { "os": "freebsd", "cpu": "arm64" }, "sha512-gJzWnllcMcivusmPorEkXPpEciKotlBHn7QxWwYaSjss/U3YdZu+NTjDO30b3qeiVlyq4RAZ4BPKJODXxHHwUA=="],

    "lefthook-freebsd-x64": ["lefthook-freebsd-x64@1.11.13", "", { "os": "freebsd", "cpu": "x64" }, "sha512-689XdchgtDvZQWFFx1szUvm/mqrq/v6laki0odq5FAfcSgUeLu3w+z6UicBS5l55eFJuQTDNKARFqrKJ04e+Vw=="],

    "lefthook-linux-arm64": ["lefthook-linux-arm64@1.11.13", "", { "os": "linux", "cpu": "arm64" }, "sha512-ujCLbaZg5S/Ao8KZAcNSb+Y3gl898ZEM0YKyiZmZo22dFFpm/5gcV46pF3xaqIw5IpH+3YYDTKDU+qTetmARyQ=="],

    "lefthook-linux-x64": ["lefthook-linux-x64@1.11.13", "", { "os": "linux", "cpu": "x64" }, "sha512-O5WdodeBtFOXQlvPcckqp4W/yqVM9DbVQBkvOxwSJlmsxO4sGYK1TqdxH9ihLB85B2kPPssZj9ze36/oizzhVQ=="],

    "lefthook-openbsd-arm64": ["lefthook-openbsd-arm64@1.11.13", "", { "os": "openbsd", "cpu": "arm64" }, "sha512-SyBpciUfvY/lUDbZu7L6MtL/SVG2+yMTckBgb4PdJQhJlisY0IsyOYdlTw2icPPrY7JnwdsFv8UW0EJOB76W4g=="],

    "lefthook-openbsd-x64": ["lefthook-openbsd-x64@1.11.13", "", { "os": "openbsd", "cpu": "x64" }, "sha512-6+/0j6O2dzo9cjTWUKfL2J6hRR7Krna/ssqnW8cWh8QHZKO9WJn34epto9qgjeHwSysou8byI7Mwv5zOGthLCQ=="],

    "lefthook-windows-arm64": ["lefthook-windows-arm64@1.11.13", "", { "os": "win32", "cpu": "arm64" }, "sha512-w5TwZ8bsZ17uOMtYGc5oEb4tCHjNTSeSXRy6H9Yic8E7IsPZtZLkaZGnIIwgXFuhhrcCdc6FuTvKt2tyV7EW2g=="],

    "lefthook-windows-x64": ["lefthook-windows-x64@1.11.13", "", { "os": "win32", "cpu": "x64" }, "sha512-7lvwnIs8CNOXKU4y3i1Pbqna+QegIORkSD2VCuHBNpIJ8H84NpjoG3tKU91IM/aI1a2eUvCk+dw+1rfMRz7Ytg=="],

    "load-esm": ["load-esm@1.0.2", "", {}, "sha512-nVAvWk/jeyrWyXEAs84mpQCYccxRqgKY4OznLuJhJCa0XsPSfdOIr2zvBZEj3IHEHbX97jjscKRRV539bW0Gpw=="],

    "ms": ["ms@2.1.3", "", {}, "sha512-6FlzubTLZG3J2a/NVCAleEhjzq5oxgHyaCU9yYXvcLsvoVaHJq/s5xXI6/XXP6tz7R9xAOtHnSO/tXtF3WRTlA=="],

    "reflect-metadata": ["reflect-metadata@0.2.2", "", {}, "sha512-urBwgfrvVP/eAyXx4hluJivBKzuEbSQs9rKWCrCkbSxNv8mxPcUZKeuoF3Uy4mJl3Lwprp6yy5/39VWigZ4K6Q=="],

    "rxjs": ["rxjs@7.8.2", "", { "dependencies": { "tslib": "^2.1.0" } }, "sha512-dhKf903U/PQZY6boNNtAGdWbG85WAbjT/1xYoZIC7FAY0yWapOBQVsVrDl58W86//e1VpMNBtRV4MaXfdMySFA=="],

    "strtok3": ["strtok3@10.3.1", "", { "dependencies": { "@tokenizer/token": "^0.3.0" } }, "sha512-3JWEZM6mfix/GCJBBUrkA8p2Id2pBkyTkVCJKto55w080QBKZ+8R171fGrbiSp+yMO/u6F8/yUh7K4V9K+YCnw=="],

    "token-types": ["token-types@6.0.0", "", { "dependencies": { "@tokenizer/token": "^0.3.0", "ieee754": "^1.2.1" } }, "sha512-lbDrTLVsHhOMljPscd0yitpozq7Ga2M5Cvez5AjGg8GASBjtt6iERCAJ93yommPmz62fb45oFIXHEZ3u9bfJEA=="],

    "tslib": ["tslib@2.8.1", "", {}, "sha512-oJFu94HQb+KVduSUQL7wnpmqnfmLsOA/nAh6b6EH0wCEoK0/mPeXU6c3wKDV83MkOuHPRHtSXKKU99IBazS/2w=="],

    "typescript": ["typescript@5.8.3", "", { "bin": { "tsc": "bin/tsc", "tsserver": "bin/tsserver" } }, "sha512-p1diW6TqL9L07nNxvRMM7hMMw4c5XOo/1ibL4aAIGmSAt9slTE1Xgw5KWuof2uTOvCg9BY7ZRi+GaF+7sfgPeQ=="],

    "uid": ["uid@2.0.2", "", { "dependencies": { "@lukeed/csprng": "^1.0.0" } }, "sha512-u3xV3X7uzvi5b1MncmZo3i2Aw222Zk1keqLA1YkHldREkAhAqi65wuPfe7lHx8H/Wzy+8CE7S7uS3jekIM5s8g=="],

    "uint8array-extras": ["uint8array-extras@1.4.0", "", {}, "sha512-ZPtzy0hu4cZjv3z5NW9gfKnNLjoz4y6uv4HlelAjDK7sY/xOkKZv9xK/WQpcsBB3jEybChz9DPC2U/+cusjJVQ=="],

    "undici-types": ["undici-types@6.21.0", "", {}, "sha512-iwDZqg0QAGrg9Rav5H4n0M64c3mkR59cJ6wQp+7C4nI0gsmExaedaYLNO44eT4AtBBwjbTiGPMlt2Md0T9H9JQ=="],
  }
}
